// !$*UTF8*$!
{
	archiveVersion = 1;
	classes = {
	};
	objectVersion = 48;
	objects = {

/* Begin PBXBuildFile section */
		B9DE8647203A7531004F1F42 /* AppDelegate.swift in Sources */ = {isa = PBXBuildFile; fileRef = B9DE8646203A7531004F1F42 /* AppDelegate.swift */; };
		B9DE8649203A7531004F1F42 /* ViewController.swift in Sources */ = {isa = PBXBuildFile; fileRef = B9DE8648203A7531004F1F42 /* ViewController.swift */; };
		B9DE864C203A7531004F1F42 /* Main.storyboard in Resources */ = {isa = PBXBuildFile; fileRef = B9DE864A203A7531004F1F42 /* Main.storyboard */; };
		B9DE864E203A7531004F1F42 /* Assets.xcassets in Resources */ = {isa = PBXBuildFile; fileRef = B9DE864D203A7531004F1F42 /* Assets.xcassets */; };
		B9DE8651203A7531004F1F42 /* LaunchScreen.storyboard in Resources */ = {isa = PBXBuildFile; fileRef = B9DE864F203A7531004F1F42 /* LaunchScreen.storyboard */; };
		B9DE8659203AAFEE004F1F42 /* tatsumi-syashinn.jpg in Resources */ = {isa = PBXBuildFile; fileRef = B9DE8658203AAFEE004F1F42 /* tatsumi-syashinn.jpg */; };
		B9DE865F203AC438004F1F42 /* UplordFileViewController.swift in Sources */ = {isa = PBXBuildFile; fileRef = B9DE865E203AC438004F1F42 /* UplordFileViewController.swift */; };
		B9DE8661203ACBF2004F1F42 /* sample55.jpg in Resources */ = {isa = PBXBuildFile; fileRef = B9DE8660203ACBF2004F1F42 /* sample55.jpg */; };
		B9DE8665203ACE33004F1F42 /* GoogleService-Info.plist in Resources */ = {isa = PBXBuildFile; fileRef = B9DE8664203ACE32004F1F42 /* GoogleService-Info.plist */; };
		BECEDB243E3DF387DCBB4618 /* Pods_Swift4fileUplordApp.framework in Frameworks */ = {isa = PBXBuildFile; fileRef = 3C9E444E7C90CD8BA47197F6 /* Pods_Swift4fileUplordApp.framework */; };
/* End PBXBuildFile section */

/* Begin PBXFileReference section */
		1E1F592E57453331173FFDB2 /* Pods-Swift4fileUplordApp.release.xcconfig */ = {isa = PBXFileReference; includeInIndex = 1; lastKnownFileType = text.xcconfig; name = "Pods-Swift4fileUplordApp.release.xcconfig"; path = "Pods/Target Support Files/Pods-Swift4fileUplordApp/Pods-Swift4fileUplordApp.release.xcconfig"; sourceTree = "<group>"; };
		3C9E444E7C90CD8BA47197F6 /* Pods_Swift4fileUplordApp.framework */ = {isa = PBXFileReference; explicitFileType = wrapper.framework; includeInIndex = 0; path = Pods_Swift4fileUplordApp.framework; sourceTree = BUILT_PRODUCTS_DIR; };
		6963DBDA9FB175237FC414A8 /* Pods-Swift4fileUplordApp.debug.xcconfig */ = {isa = PBXFileReference; includeInIndex = 1; lastKnownFileType = text.xcconfig; name = "Pods-Swift4fileUplordApp.debug.xcconfig"; path = "Pods/Target Support Files/Pods-Swift4fileUplordApp/Pods-Swift4fileUplordApp.debug.xcconfig"; sourceTree = "<group>"; };
		B9DE8643203A7531004F1F42 /* Swift4fileUplordApp.app */ = {isa = PBXFileReference; explicitFileType = wrapper.application; includeInIndex = 0; path = Swift4fileUplordApp.app; sourceTree = BUILT_PRODUCTS_DIR; };
		B9DE8646203A7531004F1F42 /* AppDelegate.swift */ = {isa = PBXFileReference; lastKnownFileType = sourcecode.swift; path = AppDelegate.swift; sourceTree = "<group>"; };
		B9DE8648203A7531004F1F42 /* ViewController.swift */ = {isa = PBXFileReference; lastKnownFileType = sourcecode.swift; path = ViewController.swift; sourceTree = "<group>"; };
		B9DE864B203A7531004F1F42 /* Base */ = {isa = PBXFileReference; lastKnownFileType = file.storyboard; name = Base; path = Base.lproj/Main.storyboard; sourceTree = "<group>"; };
		B9DE864D203A7531004F1F42 /* Assets.xcassets */ = {isa = PBXFileReference; lastKnownFileType = folder.assetcatalog; path = Assets.xcassets; sourceTree = "<group>"; };
		B9DE8650203A7531004F1F42 /* Base */ = {isa = PBXFileReference; lastKnownFileType = file.storyboard; name = Base; path = Base.lproj/LaunchScreen.storyboard; sourceTree = "<group>"; };
		B9DE8652203A7531004F1F42 /* Info.plist */ = {isa = PBXFileReference; lastKnownFileType = text.plist.xml; path = Info.plist; sourceTree = "<group>"; };
		B9DE8658203AAFEE004F1F42 /* tatsumi-syashinn.jpg */ = {isa = PBXFileReference; lastKnownFileType = image.jpeg; path = "tatsumi-syashinn.jpg"; sourceTree = "<group>"; };
		B9DE865E203AC438004F1F42 /* UplordFileViewController.swift */ = {isa = PBXFileReference; lastKnownFileType = sourcecode.swift; path = UplordFileViewController.swift; sourceTree = "<group>"; };
		B9DE8660203ACBF2004F1F42 /* sample55.jpg */ = {isa = PBXFileReference; lastKnownFileType = image.jpeg; path = sample55.jpg; sourceTree = "<group>"; };
		B9DE8664203ACE32004F1F42 /* GoogleService-Info.plist */ = {isa = PBXFileReference; fileEncoding = 4; lastKnownFileType = text.plist.xml; path = "GoogleService-Info.plist"; sourceTree = "<group>"; };
/* End PBXFileReference section */

/* Begin PBXFrameworksBuildPhase section */
		B9DE8640203A7531004F1F42 /* Frameworks */ = {
			isa = PBXFrameworksBuildPhase;
			buildActionMask = 2147483647;
			files = (
				BECEDB243E3DF387DCBB4618 /* Pods_Swift4fileUplordApp.framework in Frameworks */,
			);
			runOnlyForDeploymentPostprocessing = 0;
		};
/* End PBXFrameworksBuildPhase section */

/* Begin PBXGroup section */
		5FDECF70CA26B83AC1E90614 /* Pods */ = {
			isa = PBXGroup;
			children = (
				6963DBDA9FB175237FC414A8 /* Pods-Swift4fileUplordApp.debug.xcconfig */,
				1E1F592E57453331173FFDB2 /* Pods-Swift4fileUplordApp.release.xcconfig */,
			);
			name = Pods;
			sourceTree = "<group>";
		};
		B5C44288CF526927FC4652AC /* Frameworks */ = {
			isa = PBXGroup;
			children = (
				3C9E444E7C90CD8BA47197F6 /* Pods_Swift4fileUplordApp.framework */,
			);
			name = Frameworks;
			sourceTree = "<group>";
		};
		B9DE863A203A7531004F1F42 = {
			isa = PBXGroup;
			children = (
				B9DE8645203A7531004F1F42 /* Swift4fileUplordApp */,
				B9DE8644203A7531004F1F42 /* Products */,
				5FDECF70CA26B83AC1E90614 /* Pods */,
				B5C44288CF526927FC4652AC /* Frameworks */,
			);
			sourceTree = "<group>";
		};
		B9DE8644203A7531004F1F42 /* Products */ = {
			isa = PBXGroup;
			children = (
				B9DE8643203A7531004F1F42 /* Swift4fileUplordApp.app */,
			);
			name = Products;
			sourceTree = "<group>";
		};
		B9DE8645203A7531004F1F42 /* Swift4fileUplordApp */ = {
			isa = PBXGroup;
			children = (
				B9DE8664203ACE32004F1F42 /* GoogleService-Info.plist */,
				B9DE8658203AAFEE004F1F42 /* tatsumi-syashinn.jpg */,
				B9DE8660203ACBF2004F1F42 /* sample55.jpg */,
				B9DE8646203A7531004F1F42 /* AppDelegate.swift */,
				B9DE8648203A7531004F1F42 /* ViewController.swift */,
				B9DE865E203AC438004F1F42 /* UplordFileViewController.swift */,
				B9DE864A203A7531004F1F42 /* Main.storyboard */,
				B9DE864D203A7531004F1F42 /* Assets.xcassets */,
				B9DE864F203A7531004F1F42 /* LaunchScreen.storyboard */,
				B9DE8652203A7531004F1F42 /* Info.plist */,
			);
			path = Swift4fileUplordApp;
			sourceTree = "<group>";
		};
/* End PBXGroup section */

/* Begin PBXNativeTarget section */
		B9DE8642203A7531004F1F42 /* Swift4fileUplordApp */ = {
			isa = PBXNativeTarget;
			buildConfigurationList = B9DE8655203A7531004F1F42 /* Build configuration list for PBXNativeTarget "Swift4fileUplordApp" */;
			buildPhases = (
				3693907BDB7B9341A5DB7EAE /* [CP] Check Pods Manifest.lock */,
				B9DE863F203A7531004F1F42 /* Sources */,
				B9DE8640203A7531004F1F42 /* Frameworks */,
				B9DE8641203A7531004F1F42 /* Resources */,
				34B68E2AFC46B33C75AD5AE8 /* [CP] Embed Pods Frameworks */,
				5CED5008939311795D9C0D1F /* [CP] Copy Pods Resources */,
			);
			buildRules = (
			);
			dependencies = (
			);
			name = Swift4fileUplordApp;
			productName = Swift4fileUplordApp;
			productReference = B9DE8643203A7531004F1F42 /* Swift4fileUplordApp.app */;
			productType = "com.apple.product-type.application";
		};
/* End PBXNativeTarget section */

/* Begin PBXProject section */
		B9DE863B203A7531004F1F42 /* Project object */ = {
			isa = PBXProject;
			attributes = {
				LastSwiftUpdateCheck = 0920;
				LastUpgradeCheck = 0920;
				ORGANIZATIONNAME = "tatsumi kentaro";
				TargetAttributes = {
					B9DE8642203A7531004F1F42 = {
						CreatedOnToolsVersion = 9.2;
						ProvisioningStyle = Automatic;
					};
				};
			};
			buildConfigurationList = B9DE863E203A7531004F1F42 /* Build configuration list for PBXProject "Swift4fileUplordApp" */;
			compatibilityVersion = "Xcode 8.0";
			developmentRegion = en;
			hasScannedForEncodings = 0;
			knownRegions = (
				en,
				Base,
			);
			mainGroup = B9DE863A203A7531004F1F42;
			productRefGroup = B9DE8644203A7531004F1F42 /* Products */;
			projectDirPath = "";
			projectRoot = "";
			targets = (
				B9DE8642203A7531004F1F42 /* Swift4fileUplordApp */,
			);
		};
/* End PBXProject section */

/* Begin PBXResourcesBuildPhase section */
		B9DE8641203A7531004F1F42 /* Resources */ = {
			isa = PBXResourcesBuildPhase;
			buildActionMask = 2147483647;
			files = (
				B9DE8659203AAFEE004F1F42 /* tatsumi-syashinn.jpg in Resources */,
				B9DE8661203ACBF2004F1F42 /* sample55.jpg in Resources */,
				B9DE8651203A7531004F1F42 /* LaunchScreen.storyboard in Resources */,
				B9DE864E203A7531004F1F42 /* Assets.xcassets in Resources */,
				B9DE8665203ACE33004F1F42 /* GoogleService-Info.plist in Resources */,
				B9DE864C203A7531004F1F42 /* Main.storyboard in Resources */,
			);
			runOnlyForDeploymentPostprocessing = 0;
		};
/* End PBXResourcesBuildPhase section */

/* Begin PBXShellScriptBuildPhase section */
		34B68E2AFC46B33C75AD5AE8 /* [CP] Embed Pods Frameworks */ = {
			isa = PBXShellScriptBuildPhase;
			buildActionMask = 2147483647;
			files = (
			);
			inputPaths = (
				"${SRCROOT}/Pods/Target Support Files/Pods-Swift4fileUplordApp/Pods-Swift4fileUplordApp-frameworks.sh",
				"${BUILT_PRODUCTS_DIR}/GTMSessionFetcher/GTMSessionFetcher.framework",
				"${BUILT_PRODUCTS_DIR}/GoogleToolboxForMac/GoogleToolboxForMac.framework",
				"${BUILT_PRODUCTS_DIR}/nanopb/nanopb.framework",
			);
			name = "[CP] Embed Pods Frameworks";
			outputPaths = (
				"${TARGET_BUILD_DIR}/${FRAMEWORKS_FOLDER_PATH}/GTMSessionFetcher.framework",
				"${TARGET_BUILD_DIR}/${FRAMEWORKS_FOLDER_PATH}/GoogleToolboxForMac.framework",
				"${TARGET_BUILD_DIR}/${FRAMEWORKS_FOLDER_PATH}/nanopb.framework",
			);
			runOnlyForDeploymentPostprocessing = 0;
			shellPath = /bin/sh;
			shellScript = "\"${SRCROOT}/Pods/Target Support Files/Pods-Swift4fileUplordApp/Pods-Swift4fileUplordApp-frameworks.sh\"\n";
			showEnvVarsInLog = 0;
		};
		3693907BDB7B9341A5DB7EAE /* [CP] Check Pods Manifest.lock */ = {
			isa = PBXShellScriptBuildPhase;
			buildActionMask = 2147483647;
			files = (
			);
			inputPaths = (
				"${PODS_PODFILE_DIR_PATH}/Podfile.lock",
				"${PODS_ROOT}/Manifest.lock",
			);
			name = "[CP] Check Pods Manifest.lock";
			outputPaths = (
				"$(DERIVED_FILE_DIR)/Pods-Swift4fileUplordApp-checkManifestLockResult.txt",
			);
			runOnlyForDeploymentPostprocessing = 0;
			shellPath = /bin/sh;
			shellScript = "diff \"${PODS_PODFILE_DIR_PATH}/Podfile.lock\" \"${PODS_ROOT}/Manifest.lock\" > /dev/null\nif [ $? != 0 ] ; then\n    # print error to STDERR\n    echo \"error: The sandbox is not in sync with the Podfile.lock. Run 'pod install' or update your CocoaPods installation.\" >&2\n    exit 1\nfi\n# This output is used by Xcode 'outputs' to avoid re-running this script phase.\necho \"SUCCESS\" > \"${SCRIPT_OUTPUT_FILE_0}\"\n";
			showEnvVarsInLog = 0;
		};
		5CED5008939311795D9C0D1F /* [CP] Copy Pods Resources */ = {
			isa = PBXShellScriptBuildPhase;
			buildActionMask = 2147483647;
			files = (
			);
			inputPaths = (
			);
			name = "[CP] Copy Pods Resources";
			outputPaths = (
			);
			runOnlyForDeploymentPostprocessing = 0;
			shellPath = /bin/sh;
			shellScript = "\"${SRCROOT}/Pods/Target Support Files/Pods-Swift4fileUplordApp/Pods-Swift4fileUplordApp-resources.sh\"\n";
			showEnvVarsInLog = 0;
		};
/* End PBXShellScriptBuildPhase section */

/* Begin PBXSourcesBuildPhase section */
		B9DE863F203A7531004F1F42 /* Sources */ = {
			isa = PBXSourcesBuildPhase;
			buildActionMask = 2147483647;
			files = (
				B9DE865F203AC438004F1F42 /* UplordFileViewController.swift in Sources */,
				B9DE8649203A7531004F1F42 /* ViewController.swift in Sources */,
				B9DE8647203A7531004F1F42 /* AppDelegate.swift in Sources */,
			);
			runOnlyForDeploymentPostprocessing = 0;
		};
/* End PBXSourcesBuildPhase section */

/* Begin PBXVariantGroup section */
		B9DE864A203A7531004F1F42 /* Main.storyboard */ = {
			isa = PBXVariantGroup;
			children = (
				B9DE864B203A7531004F1F42 /* Base */,
			);
			name = Main.storyboard;
			sourceTree = "<group>";
		};
		B9DE864F203A7531004F1F42 /* LaunchScreen.storyboard */ = {
			isa = PBXVariantGroup;
			children = (
				B9DE8650203A7531004F1F42 /* Base */,
			);
			name = LaunchScreen.storyboard;
			sourceTree = "<group>";
		};
/* End PBXVariantGroup section */

/* Begin XCBuildConfiguration section */
		B9DE8653203A7531004F1F42 /* Debug */ = {
			isa = XCBuildConfiguration;
			buildSettings = {
				ALWAYS_SEARCH_USER_PATHS = NO;
				CLANG_ANALYZER_NONNULL = YES;
				CLANG_ANALYZER_NUMBER_OBJECT_CONVERSION = YES_AGGRESSIVE;
				CLANG_CXX_LANGUAGE_STANDARD = "gnu++14";
				CLANG_CXX_LIBRARY = "libc++";
				CLANG_ENABLE_MODULES = YES;
				CLANG_ENABLE_OBJC_ARC = YES;
				CLANG_WARN_BLOCK_CAPTURE_AUTORELEASING = YES;
				CLANG_WARN_BOOL_CONVERSION = YES;
				CLANG_WARN_COMMA = YES;
				CLANG_WARN_CONSTANT_CONVERSION = YES;
				CLANG_WARN_DIRECT_OBJC_ISA_USAGE = YES_ERROR;
				CLANG_WARN_DOCUMENTATION_COMMENTS = YES;
				CLANG_WARN_EMPTY_BODY = YES;
				CLANG_WARN_ENUM_CONVERSION = YES;
				CLANG_WARN_INFINITE_RECURSION = YES;
				CLANG_WARN_INT_CONVERSION = YES;
				CLANG_WARN_NON_LITERAL_NULL_CONVERSION = YES;
				CLANG_WARN_OBJC_LITERAL_CONVERSION = YES;
				CLANG_WARN_OBJC_ROOT_CLASS = YES_ERROR;
				CLANG_WARN_RANGE_LOOP_ANALYSIS = YES;
				CLANG_WARN_STRICT_PROTOTYPES = YES;
				CLANG_WARN_SUSPICIOUS_MOVE = YES;
				CLANG_WARN_UNGUARDED_AVAILABILITY = YES_AGGRESSIVE;
				CLANG_WARN_UNREACHABLE_CODE = YES;
				CLANG_WARN__DUPLICATE_METHOD_MATCH = YES;
				CODE_SIGN_IDENTITY = "iPhone Developer";
				COPY_PHASE_STRIP = NO;
				DEBUG_INFORMATION_FORMAT = dwarf;
				ENABLE_STRICT_OBJC_MSGSEND = YES;
				ENABLE_TESTABILITY = YES;
				GCC_C_LANGUAGE_STANDARD = gnu11;
				GCC_DYNAMIC_NO_PIC = NO;
				GCC_NO_COMMON_BLOCKS = YES;
				GCC_OPTIMIZATION_LEVEL = 0;
				GCC_PREPROCESSOR_DEFINITIONS = (
					"DEBUG=1",
					"$(inherited)",
				);
				GCC_WARN_64_TO_32_BIT_CONVERSION = YES;
				GCC_WARN_ABOUT_RETURN_TYPE = YES_ERROR;
				GCC_WARN_UNDECLARED_SELECTOR = YES;
				GCC_WARN_UNINITIALIZED_AUTOS = YES_AGGRESSIVE;
				GCC_WARN_UNUSED_FUNCTION = YES;
				GCC_WARN_UNUSED_VARIABLE = YES;
				IPHONEOS_DEPLOYMENT_TARGET = 11.2;
				MTL_ENABLE_DEBUG_INFO = YES;
				ONLY_ACTIVE_ARCH = YES;
				SDKROOT = iphoneos;
				SWIFT_ACTIVE_COMPILATION_CONDITIONS = DEBUG;
				SWIFT_OPTIMIZATION_LEVEL = "-Onone";
			};
			name = Debug;
		};
		B9DE8654203A7531004F1F42 /* Release */ = {
			isa = XCBuildConfiguration;
			buildSettings = {
				ALWAYS_SEARCH_USER_PATHS = NO;
				CLANG_ANALYZER_NONNULL = YES;
				CLANG_ANALYZER_NUMBER_OBJECT_CONVERSION = YES_AGGRESSIVE;
				CLANG_CXX_LANGUAGE_STANDARD = "gnu++14";
				CLANG_CXX_LIBRARY = "libc++";
				CLANG_ENABLE_MODULES = YES;
				CLANG_ENABLE_OBJC_ARC = YES;
				CLANG_WARN_BLOCK_CAPTURE_AUTORELEASING = YES;
				CLANG_WARN_BOOL_CONVERSION = YES;
				CLANG_WARN_COMMA = YES;
				CLANG_WARN_CONSTANT_CONVERSION = YES;
				CLANG_WARN_DIRECT_OBJC_ISA_USAGE = YES_ERROR;
				CLANG_WARN_DOCUMENTATION_COMMENTS = YES;
				CLANG_WARN_EMPTY_BODY = YES;
				CLANG_WARN_ENUM_CONVERSION = YES;
				CLANG_WARN_INFINITE_RECURSION = YES;
				CLANG_WARN_INT_CONVERSION = YES;
				CLANG_WARN_NON_LITERAL_NULL_CONVERSION = YES;
				CLANG_WARN_OBJC_LITERAL_CONVERSION = YES;
				CLANG_WARN_OBJC_ROOT_CLASS = YES_ERROR;
				CLANG_WARN_RANGE_LOOP_ANALYSIS = YES;
				CLANG_WARN_STRICT_PROTOTYPES = YES;
				CLANG_WARN_SUSPICIOUS_MOVE = YES;
				CLANG_WARN_UNGUARDED_AVAILABILITY = YES_AGGRESSIVE;
				CLANG_WARN_UNREACHABLE_CODE = YES;
				CLANG_WARN__DUPLICATE_METHOD_MATCH = YES;
				CODE_SIGN_IDENTITY = "iPhone Developer";
				COPY_PHASE_STRIP = NO;
				DEBUG_INFORMATION_FORMAT = "dwarf-with-dsym";
				ENABLE_NS_ASSERTIONS = NO;
				ENABLE_STRICT_OBJC_MSGSEND = YES;
				GCC_C_LANGUAGE_STANDARD = gnu11;
				GCC_NO_COMMON_BLOCKS = YES;
				GCC_WARN_64_TO_32_BIT_CONVERSION = YES;
				GCC_WARN_ABOUT_RETURN_TYPE = YES_ERROR;
				GCC_WARN_UNDECLARED_SELECTOR = YES;
				GCC_WARN_UNINITIALIZED_AUTOS = YES_AGGRESSIVE;
				GCC_WARN_UNUSED_FUNCTION = YES;
				GCC_WARN_UNUSED_VARIABLE = YES;
				IPHONEOS_DEPLOYMENT_TARGET = 11.2;
				MTL_ENABLE_DEBUG_INFO = NO;
				SDKROOT = iphoneos;
				SWIFT_OPTIMIZATION_LEVEL = "-Owholemodule";
				VALIDATE_PRODUCT = YES;
			};
			name = Release;
		};
		B9DE8656203A7531004F1F42 /* Debug */ = {
			isa = XCBuildConfiguration;
			baseConfigurationReference = 6963DBDA9FB175237FC414A8 /* Pods-Swift4fileUplordApp.debug.xcconfig */;
			buildSettings = {
				ASSETCATALOG_COMPILER_APPICON_NAME = AppIcon;
				CODE_SIGN_STYLE = Automatic;
				DEVELOPMENT_TEAM = TBZF3HX4JL;
				INFOPLIST_FILE = Swift4fileUplordApp/Info.plist;
				LD_RUNPATH_SEARCH_PATHS = "$(inherited) @executable_path/Frameworks";
				PRODUCT_BUNDLE_IDENTIFIER = jp.ne.sakura.tatsumi44.Swift4fileUplordApp;
				PRODUCT_NAME = "$(TARGET_NAME)";
				SWIFT_VERSION = 4.0;
				TARGETED_DEVICE_FAMILY = "1,2";
			};
			name = Debug;
		};
		B9DE8657203A7531004F1F42 /* Release */ = {
			isa = XCBuildConfiguration;
			baseConfigurationReference = 1E1F592E57453331173FFDB2 /* Pods-Swift4fileUplordApp.release.xcconfig */;
			buildSettings = {
				ASSETCATALOG_COMPILER_APPICON_NAME = AppIcon;
				CODE_SIGN_STYLE = Automatic;
				DEVELOPMENT_TEAM = TBZF3HX4JL;
				INFOPLIST_FILE = Swift4fileUplordApp/Info.plist;
				LD_RUNPATH_SEARCH_PATHS = "$(inherited) @executable_path/Frameworks";
				PRODUCT_BUNDLE_IDENTIFIER = jp.ne.sakura.tatsumi44.Swift4fileUplordApp;
				PRODUCT_NAME = "$(TARGET_NAME)";
				SWIFT_VERSION = 4.0;
				TARGETED_DEVICE_FAMILY = "1,2";
			};
			name = Release;
		};
/* End XCBuildConfiguration section */

/* Begin XCConfigurationList section */
		B9DE863E203A7531004F1F42 /* Build configuration list for PBXProject "Swift4fileUplordApp" */ = {
			isa = XCConfigurationList;
			buildConfigurations = (
				B9DE8653203A7531004F1F42 /* Debug */,
				B9DE8654203A7531004F1F42 /* Release */,
			);
			defaultConfigurationIsVisible = 0;
			defaultConfigurationName = Release;
		};
		B9DE8655203A7531004F1F42 /* Build configuration list for PBXNativeTarget "Swift4fileUplordApp" */ = {
			isa = XCConfigurationList;
			buildConfigurations = (
				B9DE8656203A7531004F1F42 /* Debug */,
				B9DE8657203A7531004F1F42 /* Release */,
			);
			defaultConfigurationIsVisible = 0;
			defaultConfigurationName = Release;
		};
/* End XCConfigurationList section */
	};
	rootObject = B9DE863B203A7531004F1F42 /* Project object */;
}
